
Microsoft Visual Studio Solution File, Format Version 12.00
# Visual Studio Version 16
VisualStudioVersion = 16.0.32002.261
MinimumVisualStudioVersion = 10.0.40219.1
Project("{2150E333-8FDC-42A3-9474-1A3956D46DE8}") = "Engine", "Engine", "{A5372EDC-DF4F-48C2-88CC-B5DD01DCD2DF}"
EndProject
Project("{2150E333-8FDC-42A3-9474-1A3956D46DE8}") = "Framework", "Framework", "{7F9E5F35-6C88-429A-8BFB-761C8949F83D}"
EndProject
Project("{2150E333-8FDC-42A3-9474-1A3956D46DE8}") = "VGP242", "VGP242", "{1084DB20-E751-46F6-9908-CA139878B64E}"
EndProject
Project("{8BC9CEB8-8B4A-11D0-8D11-00A0C91BC942}") = "Core", "Framework\Core\Core.vcxproj", "{7E7E6B4B-AF44-4AB2-A1C5-80A73ED87396}"
EndProject
Project("{8BC9CEB8-8B4A-11D0-8D11-00A0C91BC942}") = "HelloWorld", "VGP242\HelloWorld\HelloWorld.vcxproj", "{AE5B2388-2A49-4973-87DC-188DCD826576}"
EndProject
Project("{8BC9CEB8-8B4A-11D0-8D11-00A0C91BC942}") = "Math", "Framework\Math\Math.vcxproj", "{36726C8E-A953-4038-88F1-883B49326A1A}"
EndProject
Project("{2150E333-8FDC-42A3-9474-1A3956D46DE8}") = "UnitTests", "UnitTests", "{62C839FF-51F4-4274-9063-FEFB427C0190}"
EndProject
Project("{8BC9CEB8-8B4A-11D0-8D11-00A0C91BC942}") = "Math Test", "UnitTests\Math Test\Math Test.vcxproj", "{304680D6-711F-423D-97EB-15F0D1438286}"
EndProject
Project("{8BC9CEB8-8B4A-11D0-8D11-00A0C91BC942}") = "01_HelloWindow", "VGP242\01_HelloWindow\01_HelloWindow.vcxproj", "{9CBEF9B2-5060-48AF-A1FA-484AA05F2A97}"
EndProject
Project("{8BC9CEB8-8B4A-11D0-8D11-00A0C91BC942}") = "sqEngine", "Engine\sqEngine\sqEngine.vcxproj", "{EBFB86FB-F01A-479F-8316-9EFBAD1BCA03}"
EndProject
Project("{8BC9CEB8-8B4A-11D0-8D11-00A0C91BC942}") = "Graphics", "Framework\Graphics\Graphics.vcxproj", "{CC89A40A-750A-432C-B2BD-D6A37AD4FC13}"
EndProject
Project("{8BC9CEB8-8B4A-11D0-8D11-00A0C91BC942}") = "02_helloDirectX", "VGP242\02_helloDirectX\02_helloDirectX.vcxproj", "{D0495F7C-497C-4050-86ED-E6F5A44B91D0}"
EndProject
Project("{8BC9CEB8-8B4A-11D0-8D11-00A0C91BC942}") = "03_HelloShape", "VGP242\03_HelloTriangle\03_HelloTriangle.vcxproj", "{9CD1A8B4-BBC5-4723-9333-5F5618C73D26}"
EndProject
Project("{2150E333-8FDC-42A3-9474-1A3956D46DE8}") = "Assets", "Assets", "{6C132E0A-F06F-4746-8671-2A6EFDACE9EA}"
EndProject
Project("{2150E333-8FDC-42A3-9474-1A3956D46DE8}") = "Shaders", "Shaders", "{E9458C9B-DF72-47F1-AD4A-9783C1582202}"
	ProjectSection(SolutionItems) = preProject
		Assets\Shaders\ConstantBuffers.fx = Assets\Shaders\ConstantBuffers.fx
		Assets\Shaders\DoNothing.fx = Assets\Shaders\DoNothing.fx
		Assets\Shaders\DoSomething.fx = Assets\Shaders\DoSomething.fx
		Assets\Shaders\DoTexturing.fx = Assets\Shaders\DoTexturing.fx
		Assets\Shaders\DoTransform.fx = Assets\Shaders\DoTransform.fx
		Assets\Shaders\GaussianBlur.fx = Assets\Shaders\GaussianBlur.fx
		Assets\Shaders\PostProcess.fx = Assets\Shaders\PostProcess.fx
		Assets\Shaders\Shadow.fx = Assets\Shaders\Shadow.fx
		Assets\Shaders\SimpleDraw.fx = Assets\Shaders\SimpleDraw.fx
		Assets\Shaders\Standard.fx = Assets\Shaders\Standard.fx
	EndProjectSection
EndProject
Project("{8BC9CEB8-8B4A-11D0-8D11-00A0C91BC942}") = "Input", "Framework\Input\Input.vcxproj", "{3629F01A-6FED-42EB-B308-E9F7F1346EAF}"
EndProject
Project("{2150E333-8FDC-42A3-9474-1A3956D46DE8}") = "External", "External", "{810188C8-28CF-48A1-A02F-FB85EE47FD42}"
EndProject
Project("{8BC9CEB8-8B4A-11D0-8D11-00A0C91BC942}") = "DirectXTK_Desktop_2019", "External\DirectXTK\DirectXTK_Desktop_2019.vcxproj", "{E0B52AE7-E160-4D32-BF3F-910B785E5A8E}"
EndProject
Project("{8BC9CEB8-8B4A-11D0-8D11-00A0C91BC942}") = "05_HelloCube", "VGP242\05_HelloCube\05_HelloCube.vcxproj", "{560AA34B-9F25-44B7-B398-324D46BFEFFD}"
EndProject
Project("{8BC9CEB8-8B4A-11D0-8D11-00A0C91BC942}") = "final", "VGP242\final\final.vcxproj", "{37F969A2-EBF2-45B8-9E1B-36A8A783144B}"
EndProject
Project("{8BC9CEB8-8B4A-11D0-8D11-00A0C91BC942}") = "06HELLOW_SIMPLEDRAW", "VGP242\06HELLOW_SIMPLEDRAW\06HELLOW_SIMPLEDRAW.vcxproj", "{2F3E3EC4-3125-46D9-878E-FA168EB1ECAF}"
EndProject
Project("{8BC9CEB8-8B4A-11D0-8D11-00A0C91BC942}") = "ImGui", "External\ImGui\ImGui.vcxproj", "{1F450F11-2E11-475B-843B-BA615CBC1DEB}"
EndProject
Project("{2150E333-8FDC-42A3-9474-1A3956D46DE8}") = "VGp330", "VGp330", "{6E4C0784-D5B7-4383-ACE0-04104D064081}"
EndProject
Project("{8BC9CEB8-8B4A-11D0-8D11-00A0C91BC942}") = "07_Lighting", "VGP330\07_Lighting\07_Lighting.vcxproj", "{60F18AAF-1AC5-4BD2-957C-215AC7D02D13}"
EndProject
Project("{8BC9CEB8-8B4A-11D0-8D11-00A0C91BC942}") = "test", "VGP330\text\text.vcxproj", "{F29F11B5-322A-4565-B848-5E2AA4640860}"
EndProject
Project("{8BC9CEB8-8B4A-11D0-8D11-00A0C91BC942}") = "08_HelloPostProcessing", "VGP330\08_HelloPostProcessing\08_HelloPostProcessing.vcxproj", "{FCB0BDC7-3411-4004-92F5-CF0049E8CFB6}"
EndProject
Project("{8BC9CEB8-8B4A-11D0-8D11-00A0C91BC942}") = "09 HelloBloom", "VGP330\09 HelloBloom\09 HelloBloom.vcxproj", "{E5787765-BD3F-40AB-82C2-6B53456B04A5}"
EndProject
Project("{8BC9CEB8-8B4A-11D0-8D11-00A0C91BC942}") = "10_HelloShadow", "VGP330\10_HelloShadow\10_HelloShadow.vcxproj", "{8D5909F3-49DF-4ACB-9061-3DB5EACC07C1}"
EndProject
Project("{2150E333-8FDC-42A3-9474-1A3956D46DE8}") = "Tools", "Tools", "{03554F77-9640-4DD1-95B9-179CF497AF19}"
EndProject
Project("{8BC9CEB8-8B4A-11D0-8D11-00A0C91BC942}") = "ModelImporter", "Tools\ModelImporter\ModelImporter.vcxproj", "{282A8856-4613-4360-ADEC-01BA9C6D8A61}"
EndProject
Project("{8BC9CEB8-8B4A-11D0-8D11-00A0C91BC942}") = "Final", "VGP330\Final\Final.vcxproj", "{9161D128-10E9-45E1-B852-2CFC9F425AE6}"
EndProject
Project("{2150E333-8FDC-42A3-9474-1A3956D46DE8}") = "VGP334", "VGP334", "{B45913A7-B072-4959-81FB-7076231BC140}"
EndProject
Project("{8BC9CEB8-8B4A-11D0-8D11-00A0C91BC942}") = "HelloAnimation", "VGP334\HelloAnimation\HelloAnimation.vcxproj", "{205C77AC-F722-4D00-9488-B8720B9399AA}"
EndProject
Project("{8BC9CEB8-8B4A-11D0-8D11-00A0C91BC942}") = "HelloModel", "VGP334\HelloModel\HelloModel.vcxproj", "{CDFD1607-0B54-4A30-93FF-98D1E309B56A}"
EndProject
Project("{8BC9CEB8-8B4A-11D0-8D11-00A0C91BC942}") = "HelloSkeleton", "VGP334\HelloSkeleton\HelloSkeleton.vcxproj", "{D580331F-8A12-41DD-8410-3E40264A7CF9}"
EndProject
Global
	GlobalSection(SolutionConfigurationPlatforms) = preSolution
		Debug|x64 = Debug|x64
		Debug|x86 = Debug|x86
		Release|x64 = Release|x64
		Release|x86 = Release|x86
	EndGlobalSection
	GlobalSection(ProjectConfigurationPlatforms) = postSolution
		{7E7E6B4B-AF44-4AB2-A1C5-80A73ED87396}.Debug|x64.ActiveCfg = Debug|x64
		{7E7E6B4B-AF44-4AB2-A1C5-80A73ED87396}.Debug|x64.Build.0 = Debug|x64
		{7E7E6B4B-AF44-4AB2-A1C5-80A73ED87396}.Debug|x86.ActiveCfg = Debug|Win32
		{7E7E6B4B-AF44-4AB2-A1C5-80A73ED87396}.Debug|x86.Build.0 = Debug|Win32
		{7E7E6B4B-AF44-4AB2-A1C5-80A73ED87396}.Release|x64.ActiveCfg = Release|x64
		{7E7E6B4B-AF44-4AB2-A1C5-80A73ED87396}.Release|x64.Build.0 = Release|x64
		{7E7E6B4B-AF44-4AB2-A1C5-80A73ED87396}.Release|x86.ActiveCfg = Release|Win32
		{7E7E6B4B-AF44-4AB2-A1C5-80A73ED87396}.Release|x86.Build.0 = Release|Win32
		{AE5B2388-2A49-4973-87DC-188DCD826576}.Debug|x64.ActiveCfg = Debug|x64
		{AE5B2388-2A49-4973-87DC-188DCD826576}.Debug|x64.Build.0 = Debug|x64
		{AE5B2388-2A49-4973-87DC-188DCD826576}.Debug|x86.ActiveCfg = Debug|Win32
		{AE5B2388-2A49-4973-87DC-188DCD826576}.Debug|x86.Build.0 = Debug|Win32
		{AE5B2388-2A49-4973-87DC-188DCD826576}.Release|x64.ActiveCfg = Release|x64
		{AE5B2388-2A49-4973-87DC-188DCD826576}.Release|x64.Build.0 = Release|x64
		{AE5B2388-2A49-4973-87DC-188DCD826576}.Release|x86.ActiveCfg = Release|Win32
		{AE5B2388-2A49-4973-87DC-188DCD826576}.Release|x86.Build.0 = Release|Win32
		{36726C8E-A953-4038-88F1-883B49326A1A}.Debug|x64.ActiveCfg = Debug|x64
		{36726C8E-A953-4038-88F1-883B49326A1A}.Debug|x64.Build.0 = Debug|x64
		{36726C8E-A953-4038-88F1-883B49326A1A}.Debug|x86.ActiveCfg = Debug|Win32
		{36726C8E-A953-4038-88F1-883B49326A1A}.Debug|x86.Build.0 = Debug|Win32
		{36726C8E-A953-4038-88F1-883B49326A1A}.Release|x64.ActiveCfg = Release|x64
		{36726C8E-A953-4038-88F1-883B49326A1A}.Release|x64.Build.0 = Release|x64
		{36726C8E-A953-4038-88F1-883B49326A1A}.Release|x86.ActiveCfg = Release|Win32
		{36726C8E-A953-4038-88F1-883B49326A1A}.Release|x86.Build.0 = Release|Win32
		{304680D6-711F-423D-97EB-15F0D1438286}.Debug|x64.ActiveCfg = Debug|x64
		{304680D6-711F-423D-97EB-15F0D1438286}.Debug|x64.Build.0 = Debug|x64
		{304680D6-711F-423D-97EB-15F0D1438286}.Debug|x86.ActiveCfg = Debug|Win32
		{304680D6-711F-423D-97EB-15F0D1438286}.Debug|x86.Build.0 = Debug|Win32
		{304680D6-711F-423D-97EB-15F0D1438286}.Release|x64.ActiveCfg = Release|x64
		{304680D6-711F-423D-97EB-15F0D1438286}.Release|x64.Build.0 = Release|x64
		{304680D6-711F-423D-97EB-15F0D1438286}.Release|x86.ActiveCfg = Release|Win32
		{304680D6-711F-423D-97EB-15F0D1438286}.Release|x86.Build.0 = Release|Win32
		{9CBEF9B2-5060-48AF-A1FA-484AA05F2A97}.Debug|x64.ActiveCfg = Debug|x64
		{9CBEF9B2-5060-48AF-A1FA-484AA05F2A97}.Debug|x64.Build.0 = Debug|x64
		{9CBEF9B2-5060-48AF-A1FA-484AA05F2A97}.Debug|x86.ActiveCfg = Debug|Win32
		{9CBEF9B2-5060-48AF-A1FA-484AA05F2A97}.Debug|x86.Build.0 = Debug|Win32
		{9CBEF9B2-5060-48AF-A1FA-484AA05F2A97}.Release|x64.ActiveCfg = Release|x64
		{9CBEF9B2-5060-48AF-A1FA-484AA05F2A97}.Release|x64.Build.0 = Release|x64
		{9CBEF9B2-5060-48AF-A1FA-484AA05F2A97}.Release|x86.ActiveCfg = Release|Win32
		{9CBEF9B2-5060-48AF-A1FA-484AA05F2A97}.Release|x86.Build.0 = Release|Win32
		{EBFB86FB-F01A-479F-8316-9EFBAD1BCA03}.Debug|x64.ActiveCfg = Debug|x64
		{EBFB86FB-F01A-479F-8316-9EFBAD1BCA03}.Debug|x64.Build.0 = Debug|x64
		{EBFB86FB-F01A-479F-8316-9EFBAD1BCA03}.Debug|x86.ActiveCfg = Debug|Win32
		{EBFB86FB-F01A-479F-8316-9EFBAD1BCA03}.Debug|x86.Build.0 = Debug|Win32
		{EBFB86FB-F01A-479F-8316-9EFBAD1BCA03}.Release|x64.ActiveCfg = Release|x64
		{EBFB86FB-F01A-479F-8316-9EFBAD1BCA03}.Release|x64.Build.0 = Release|x64
		{EBFB86FB-F01A-479F-8316-9EFBAD1BCA03}.Release|x86.ActiveCfg = Release|Win32
		{EBFB86FB-F01A-479F-8316-9EFBAD1BCA03}.Release|x86.Build.0 = Release|Win32
		{CC89A40A-750A-432C-B2BD-D6A37AD4FC13}.Debug|x64.ActiveCfg = Debug|x64
		{CC89A40A-750A-432C-B2BD-D6A37AD4FC13}.Debug|x64.Build.0 = Debug|x64
		{CC89A40A-750A-432C-B2BD-D6A37AD4FC13}.Debug|x86.ActiveCfg = Debug|Win32
		{CC89A40A-750A-432C-B2BD-D6A37AD4FC13}.Debug|x86.Build.0 = Debug|Win32
		{CC89A40A-750A-432C-B2BD-D6A37AD4FC13}.Release|x64.ActiveCfg = Release|x64
		{CC89A40A-750A-432C-B2BD-D6A37AD4FC13}.Release|x64.Build.0 = Release|x64
		{CC89A40A-750A-432C-B2BD-D6A37AD4FC13}.Release|x86.ActiveCfg = Release|Win32
		{CC89A40A-750A-432C-B2BD-D6A37AD4FC13}.Release|x86.Build.0 = Release|Win32
		{D0495F7C-497C-4050-86ED-E6F5A44B91D0}.Debug|x64.ActiveCfg = Debug|x64
		{D0495F7C-497C-4050-86ED-E6F5A44B91D0}.Debug|x64.Build.0 = Debug|x64
		{D0495F7C-497C-4050-86ED-E6F5A44B91D0}.Debug|x86.ActiveCfg = Debug|Win32
		{D0495F7C-497C-4050-86ED-E6F5A44B91D0}.Debug|x86.Build.0 = Debug|Win32
		{D0495F7C-497C-4050-86ED-E6F5A44B91D0}.Release|x64.ActiveCfg = Release|x64
		{D0495F7C-497C-4050-86ED-E6F5A44B91D0}.Release|x64.Build.0 = Release|x64
		{D0495F7C-497C-4050-86ED-E6F5A44B91D0}.Release|x86.ActiveCfg = Release|Win32
		{D0495F7C-497C-4050-86ED-E6F5A44B91D0}.Release|x86.Build.0 = Release|Win32
		{9CD1A8B4-BBC5-4723-9333-5F5618C73D26}.Debug|x64.ActiveCfg = Debug|x64
		{9CD1A8B4-BBC5-4723-9333-5F5618C73D26}.Debug|x64.Build.0 = Debug|x64
		{9CD1A8B4-BBC5-4723-9333-5F5618C73D26}.Debug|x86.ActiveCfg = Debug|Win32
		{9CD1A8B4-BBC5-4723-9333-5F5618C73D26}.Debug|x86.Build.0 = Debug|Win32
		{9CD1A8B4-BBC5-4723-9333-5F5618C73D26}.Release|x64.ActiveCfg = Release|x64
		{9CD1A8B4-BBC5-4723-9333-5F5618C73D26}.Release|x64.Build.0 = Release|x64
		{9CD1A8B4-BBC5-4723-9333-5F5618C73D26}.Release|x86.ActiveCfg = Release|Win32
		{9CD1A8B4-BBC5-4723-9333-5F5618C73D26}.Release|x86.Build.0 = Release|Win32
		{3629F01A-6FED-42EB-B308-E9F7F1346EAF}.Debug|x64.ActiveCfg = Debug|x64
		{3629F01A-6FED-42EB-B308-E9F7F1346EAF}.Debug|x64.Build.0 = Debug|x64
		{3629F01A-6FED-42EB-B308-E9F7F1346EAF}.Debug|x86.ActiveCfg = Debug|Win32
		{3629F01A-6FED-42EB-B308-E9F7F1346EAF}.Debug|x86.Build.0 = Debug|Win32
		{3629F01A-6FED-42EB-B308-E9F7F1346EAF}.Release|x64.ActiveCfg = Release|x64
		{3629F01A-6FED-42EB-B308-E9F7F1346EAF}.Release|x64.Build.0 = Release|x64
		{3629F01A-6FED-42EB-B308-E9F7F1346EAF}.Release|x86.ActiveCfg = Release|Win32
		{3629F01A-6FED-42EB-B308-E9F7F1346EAF}.Release|x86.Build.0 = Release|Win32
		{E0B52AE7-E160-4D32-BF3F-910B785E5A8E}.Debug|x64.ActiveCfg = Debug|x64
		{E0B52AE7-E160-4D32-BF3F-910B785E5A8E}.Debug|x64.Build.0 = Debug|x64
		{E0B52AE7-E160-4D32-BF3F-910B785E5A8E}.Debug|x86.ActiveCfg = Debug|Win32
		{E0B52AE7-E160-4D32-BF3F-910B785E5A8E}.Debug|x86.Build.0 = Debug|Win32
		{E0B52AE7-E160-4D32-BF3F-910B785E5A8E}.Release|x64.ActiveCfg = Release|x64
		{E0B52AE7-E160-4D32-BF3F-910B785E5A8E}.Release|x64.Build.0 = Release|x64
		{E0B52AE7-E160-4D32-BF3F-910B785E5A8E}.Release|x86.ActiveCfg = Release|Win32
		{E0B52AE7-E160-4D32-BF3F-910B785E5A8E}.Release|x86.Build.0 = Release|Win32
		{560AA34B-9F25-44B7-B398-324D46BFEFFD}.Debug|x64.ActiveCfg = Debug|x64
		{560AA34B-9F25-44B7-B398-324D46BFEFFD}.Debug|x64.Build.0 = Debug|x64
		{560AA34B-9F25-44B7-B398-324D46BFEFFD}.Debug|x86.ActiveCfg = Debug|Win32
		{560AA34B-9F25-44B7-B398-324D46BFEFFD}.Debug|x86.Build.0 = Debug|Win32
		{560AA34B-9F25-44B7-B398-324D46BFEFFD}.Release|x64.ActiveCfg = Release|x64
		{560AA34B-9F25-44B7-B398-324D46BFEFFD}.Release|x64.Build.0 = Release|x64
		{560AA34B-9F25-44B7-B398-324D46BFEFFD}.Release|x86.ActiveCfg = Release|Win32
		{560AA34B-9F25-44B7-B398-324D46BFEFFD}.Release|x86.Build.0 = Release|Win32
		{37F969A2-EBF2-45B8-9E1B-36A8A783144B}.Debug|x64.ActiveCfg = Debug|x64
		{37F969A2-EBF2-45B8-9E1B-36A8A783144B}.Debug|x64.Build.0 = Debug|x64
		{37F969A2-EBF2-45B8-9E1B-36A8A783144B}.Debug|x86.ActiveCfg = Debug|Win32
		{37F969A2-EBF2-45B8-9E1B-36A8A783144B}.Debug|x86.Build.0 = Debug|Win32
		{37F969A2-EBF2-45B8-9E1B-36A8A783144B}.Release|x64.ActiveCfg = Release|x64
		{37F969A2-EBF2-45B8-9E1B-36A8A783144B}.Release|x64.Build.0 = Release|x64
		{37F969A2-EBF2-45B8-9E1B-36A8A783144B}.Release|x86.ActiveCfg = Release|Win32
		{37F969A2-EBF2-45B8-9E1B-36A8A783144B}.Release|x86.Build.0 = Release|Win32
		{2F3E3EC4-3125-46D9-878E-FA168EB1ECAF}.Debug|x64.ActiveCfg = Debug|x64
		{2F3E3EC4-3125-46D9-878E-FA168EB1ECAF}.Debug|x64.Build.0 = Debug|x64
		{2F3E3EC4-3125-46D9-878E-FA168EB1ECAF}.Debug|x86.ActiveCfg = Debug|Win32
		{2F3E3EC4-3125-46D9-878E-FA168EB1ECAF}.Debug|x86.Build.0 = Debug|Win32
		{2F3E3EC4-3125-46D9-878E-FA168EB1ECAF}.Release|x64.ActiveCfg = Release|x64
		{2F3E3EC4-3125-46D9-878E-FA168EB1ECAF}.Release|x64.Build.0 = Release|x64
		{2F3E3EC4-3125-46D9-878E-FA168EB1ECAF}.Release|x86.ActiveCfg = Release|Win32
		{2F3E3EC4-3125-46D9-878E-FA168EB1ECAF}.Release|x86.Build.0 = Release|Win32
		{1F450F11-2E11-475B-843B-BA615CBC1DEB}.Debug|x64.ActiveCfg = Debug|x64
		{1F450F11-2E11-475B-843B-BA615CBC1DEB}.Debug|x64.Build.0 = Debug|x64
		{1F450F11-2E11-475B-843B-BA615CBC1DEB}.Debug|x86.ActiveCfg = Debug|Win32
		{1F450F11-2E11-475B-843B-BA615CBC1DEB}.Debug|x86.Build.0 = Debug|Win32
		{1F450F11-2E11-475B-843B-BA615CBC1DEB}.Release|x64.ActiveCfg = Release|x64
		{1F450F11-2E11-475B-843B-BA615CBC1DEB}.Release|x64.Build.0 = Release|x64
		{1F450F11-2E11-475B-843B-BA615CBC1DEB}.Release|x86.ActiveCfg = Release|Win32
		{1F450F11-2E11-475B-843B-BA615CBC1DEB}.Release|x86.Build.0 = Release|Win32
		{60F18AAF-1AC5-4BD2-957C-215AC7D02D13}.Debug|x64.ActiveCfg = Debug|x64
		{60F18AAF-1AC5-4BD2-957C-215AC7D02D13}.Debug|x64.Build.0 = Debug|x64
		{60F18AAF-1AC5-4BD2-957C-215AC7D02D13}.Debug|x86.ActiveCfg = Debug|Win32
		{60F18AAF-1AC5-4BD2-957C-215AC7D02D13}.Debug|x86.Build.0 = Debug|Win32
		{60F18AAF-1AC5-4BD2-957C-215AC7D02D13}.Release|x64.ActiveCfg = Release|x64
		{60F18AAF-1AC5-4BD2-957C-215AC7D02D13}.Release|x64.Build.0 = Release|x64
		{60F18AAF-1AC5-4BD2-957C-215AC7D02D13}.Release|x86.ActiveCfg = Release|Win32
		{60F18AAF-1AC5-4BD2-957C-215AC7D02D13}.Release|x86.Build.0 = Release|Win32
		{F29F11B5-322A-4565-B848-5E2AA4640860}.Debug|x64.ActiveCfg = Debug|x64
		{F29F11B5-322A-4565-B848-5E2AA4640860}.Debug|x64.Build.0 = Debug|x64
		{F29F11B5-322A-4565-B848-5E2AA4640860}.Debug|x86.ActiveCfg = Debug|Win32
		{F29F11B5-322A-4565-B848-5E2AA4640860}.Debug|x86.Build.0 = Debug|Win32
		{F29F11B5-322A-4565-B848-5E2AA4640860}.Release|x64.ActiveCfg = Release|x64
		{F29F11B5-322A-4565-B848-5E2AA4640860}.Release|x64.Build.0 = Release|x64
		{F29F11B5-322A-4565-B848-5E2AA4640860}.Release|x86.ActiveCfg = Release|Win32
		{F29F11B5-322A-4565-B848-5E2AA4640860}.Release|x86.Build.0 = Release|Win32
		{FCB0BDC7-3411-4004-92F5-CF0049E8CFB6}.Debug|x64.ActiveCfg = Debug|x64
		{FCB0BDC7-3411-4004-92F5-CF0049E8CFB6}.Debug|x64.Build.0 = Debug|x64
		{FCB0BDC7-3411-4004-92F5-CF0049E8CFB6}.Debug|x86.ActiveCfg = Debug|Win32
		{FCB0BDC7-3411-4004-92F5-CF0049E8CFB6}.Debug|x86.Build.0 = Debug|Win32
		{FCB0BDC7-3411-4004-92F5-CF0049E8CFB6}.Release|x64.ActiveCfg = Release|x64
		{FCB0BDC7-3411-4004-92F5-CF0049E8CFB6}.Release|x64.Build.0 = Release|x64
		{FCB0BDC7-3411-4004-92F5-CF0049E8CFB6}.Release|x86.ActiveCfg = Release|Win32
		{FCB0BDC7-3411-4004-92F5-CF0049E8CFB6}.Release|x86.Build.0 = Release|Win32
		{E5787765-BD3F-40AB-82C2-6B53456B04A5}.Debug|x64.ActiveCfg = Debug|x64
		{E5787765-BD3F-40AB-82C2-6B53456B04A5}.Debug|x64.Build.0 = Debug|x64
		{E5787765-BD3F-40AB-82C2-6B53456B04A5}.Debug|x86.ActiveCfg = Debug|Win32
		{E5787765-BD3F-40AB-82C2-6B53456B04A5}.Debug|x86.Build.0 = Debug|Win32
		{E5787765-BD3F-40AB-82C2-6B53456B04A5}.Release|x64.ActiveCfg = Release|x64
		{E5787765-BD3F-40AB-82C2-6B53456B04A5}.Release|x64.Build.0 = Release|x64
		{E5787765-BD3F-40AB-82C2-6B53456B04A5}.Release|x86.ActiveCfg = Release|Win32
		{E5787765-BD3F-40AB-82C2-6B53456B04A5}.Release|x86.Build.0 = Release|Win32
		{8D5909F3-49DF-4ACB-9061-3DB5EACC07C1}.Debug|x64.ActiveCfg = Debug|x64
		{8D5909F3-49DF-4ACB-9061-3DB5EACC07C1}.Debug|x64.Build.0 = Debug|x64
		{8D5909F3-49DF-4ACB-9061-3DB5EACC07C1}.Debug|x86.ActiveCfg = Debug|Win32
		{8D5909F3-49DF-4ACB-9061-3DB5EACC07C1}.Debug|x86.Build.0 = Debug|Win32
		{8D5909F3-49DF-4ACB-9061-3DB5EACC07C1}.Release|x64.ActiveCfg = Release|x64
		{8D5909F3-49DF-4ACB-9061-3DB5EACC07C1}.Release|x64.Build.0 = Release|x64
		{8D5909F3-49DF-4ACB-9061-3DB5EACC07C1}.Release|x86.ActiveCfg = Release|Win32
		{8D5909F3-49DF-4ACB-9061-3DB5EACC07C1}.Release|x86.Build.0 = Release|Win32
		{282A8856-4613-4360-ADEC-01BA9C6D8A61}.Debug|x64.ActiveCfg = Debug|x64
		{282A8856-4613-4360-ADEC-01BA9C6D8A61}.Debug|x64.Build.0 = Debug|x64
		{282A8856-4613-4360-ADEC-01BA9C6D8A61}.Debug|x86.ActiveCfg = Debug|Win32
		{282A8856-4613-4360-ADEC-01BA9C6D8A61}.Debug|x86.Build.0 = Debug|Win32
		{282A8856-4613-4360-ADEC-01BA9C6D8A61}.Release|x64.ActiveCfg = Release|x64
		{282A8856-4613-4360-ADEC-01BA9C6D8A61}.Release|x64.Build.0 = Release|x64
		{282A8856-4613-4360-ADEC-01BA9C6D8A61}.Release|x86.ActiveCfg = Release|Win32
		{282A8856-4613-4360-ADEC-01BA9C6D8A61}.Release|x86.Build.0 = Release|Win32
		{9161D128-10E9-45E1-B852-2CFC9F425AE6}.Debug|x64.ActiveCfg = Debug|x64
		{9161D128-10E9-45E1-B852-2CFC9F425AE6}.Debug|x64.Build.0 = Debug|x64
		{9161D128-10E9-45E1-B852-2CFC9F425AE6}.Debug|x86.ActiveCfg = Debug|Win32
		{9161D128-10E9-45E1-B852-2CFC9F425AE6}.Debug|x86.Build.0 = Debug|Win32
		{9161D128-10E9-45E1-B852-2CFC9F425AE6}.Release|x64.ActiveCfg = Release|x64
		{9161D128-10E9-45E1-B852-2CFC9F425AE6}.Release|x64.Build.0 = Release|x64
		{9161D128-10E9-45E1-B852-2CFC9F425AE6}.Release|x86.ActiveCfg = Release|Win32
		{9161D128-10E9-45E1-B852-2CFC9F425AE6}.Release|x86.Build.0 = Release|Win32
		{205C77AC-F722-4D00-9488-B8720B9399AA}.Debug|x64.ActiveCfg = Debug|x64
		{205C77AC-F722-4D00-9488-B8720B9399AA}.Debug|x64.Build.0 = Debug|x64
		{205C77AC-F722-4D00-9488-B8720B9399AA}.Debug|x86.ActiveCfg = Debug|Win32
		{205C77AC-F722-4D00-9488-B8720B9399AA}.Debug|x86.Build.0 = Debug|Win32
		{205C77AC-F722-4D00-9488-B8720B9399AA}.Release|x64.ActiveCfg = Release|x64
		{205C77AC-F722-4D00-9488-B8720B9399AA}.Release|x64.Build.0 = Release|x64
		{205C77AC-F722-4D00-9488-B8720B9399AA}.Release|x86.ActiveCfg = Release|Win32
		{205C77AC-F722-4D00-9488-B8720B9399AA}.Release|x86.Build.0 = Release|Win32
		{CDFD1607-0B54-4A30-93FF-98D1E309B56A}.Debug|x64.ActiveCfg = Debug|x64
		{CDFD1607-0B54-4A30-93FF-98D1E309B56A}.Debug|x64.Build.0 = Debug|x64
		{CDFD1607-0B54-4A30-93FF-98D1E309B56A}.Debug|x86.ActiveCfg = Debug|Win32
		{CDFD1607-0B54-4A30-93FF-98D1E309B56A}.Debug|x86.Build.0 = Debug|Win32
		{CDFD1607-0B54-4A30-93FF-98D1E309B56A}.Release|x64.ActiveCfg = Release|x64
		{CDFD1607-0B54-4A30-93FF-98D1E309B56A}.Release|x64.Build.0 = Release|x64
		{CDFD1607-0B54-4A30-93FF-98D1E309B56A}.Release|x86.ActiveCfg = Release|Win32
		{CDFD1607-0B54-4A30-93FF-98D1E309B56A}.Release|x86.Build.0 = Release|Win32
		{D580331F-8A12-41DD-8410-3E40264A7CF9}.Debug|x64.ActiveCfg = Debug|x64
		{D580331F-8A12-41DD-8410-3E40264A7CF9}.Debug|x64.Build.0 = Debug|x64
		{D580331F-8A12-41DD-8410-3E40264A7CF9}.Debug|x86.ActiveCfg = Debug|Win32
		{D580331F-8A12-41DD-8410-3E40264A7CF9}.Debug|x86.Build.0 = Debug|Win32
		{D580331F-8A12-41DD-8410-3E40264A7CF9}.Release|x64.ActiveCfg = Release|x64
		{D580331F-8A12-41DD-8410-3E40264A7CF9}.Release|x64.Build.0 = Release|x64
		{D580331F-8A12-41DD-8410-3E40264A7CF9}.Release|x86.ActiveCfg = Release|Win32
		{D580331F-8A12-41DD-8410-3E40264A7CF9}.Release|x86.Build.0 = Release|Win32
	EndGlobalSection
	GlobalSection(SolutionProperties) = preSolution
		HideSolutionNode = FALSE
	EndGlobalSection
	GlobalSection(NestedProjects) = preSolution
		{7E7E6B4B-AF44-4AB2-A1C5-80A73ED87396} = {7F9E5F35-6C88-429A-8BFB-761C8949F83D}
		{AE5B2388-2A49-4973-87DC-188DCD826576} = {1084DB20-E751-46F6-9908-CA139878B64E}
		{36726C8E-A953-4038-88F1-883B49326A1A} = {7F9E5F35-6C88-429A-8BFB-761C8949F83D}
		{304680D6-711F-423D-97EB-15F0D1438286} = {62C839FF-51F4-4274-9063-FEFB427C0190}
		{9CBEF9B2-5060-48AF-A1FA-484AA05F2A97} = {1084DB20-E751-46F6-9908-CA139878B64E}
		{EBFB86FB-F01A-479F-8316-9EFBAD1BCA03} = {A5372EDC-DF4F-48C2-88CC-B5DD01DCD2DF}
		{CC89A40A-750A-432C-B2BD-D6A37AD4FC13} = {7F9E5F35-6C88-429A-8BFB-761C8949F83D}
		{D0495F7C-497C-4050-86ED-E6F5A44B91D0} = {1084DB20-E751-46F6-9908-CA139878B64E}
		{9CD1A8B4-BBC5-4723-9333-5F5618C73D26} = {1084DB20-E751-46F6-9908-CA139878B64E}
		{E9458C9B-DF72-47F1-AD4A-9783C1582202} = {6C132E0A-F06F-4746-8671-2A6EFDACE9EA}
		{3629F01A-6FED-42EB-B308-E9F7F1346EAF} = {7F9E5F35-6C88-429A-8BFB-761C8949F83D}
		{810188C8-28CF-48A1-A02F-FB85EE47FD42} = {A5372EDC-DF4F-48C2-88CC-B5DD01DCD2DF}
		{E0B52AE7-E160-4D32-BF3F-910B785E5A8E} = {810188C8-28CF-48A1-A02F-FB85EE47FD42}
		{560AA34B-9F25-44B7-B398-324D46BFEFFD} = {1084DB20-E751-46F6-9908-CA139878B64E}
		{37F969A2-EBF2-45B8-9E1B-36A8A783144B} = {1084DB20-E751-46F6-9908-CA139878B64E}
		{2F3E3EC4-3125-46D9-878E-FA168EB1ECAF} = {1084DB20-E751-46F6-9908-CA139878B64E}
		{1F450F11-2E11-475B-843B-BA615CBC1DEB} = {810188C8-28CF-48A1-A02F-FB85EE47FD42}
		{60F18AAF-1AC5-4BD2-957C-215AC7D02D13} = {6E4C0784-D5B7-4383-ACE0-04104D064081}
		{F29F11B5-322A-4565-B848-5E2AA4640860} = {6E4C0784-D5B7-4383-ACE0-04104D064081}
		{FCB0BDC7-3411-4004-92F5-CF0049E8CFB6} = {6E4C0784-D5B7-4383-ACE0-04104D064081}
		{E5787765-BD3F-40AB-82C2-6B53456B04A5} = {6E4C0784-D5B7-4383-ACE0-04104D064081}
		{8D5909F3-49DF-4ACB-9061-3DB5EACC07C1} = {6E4C0784-D5B7-4383-ACE0-04104D064081}
		{282A8856-4613-4360-ADEC-01BA9C6D8A61} = {03554F77-9640-4DD1-95B9-179CF497AF19}
		{9161D128-10E9-45E1-B852-2CFC9F425AE6} = {6E4C0784-D5B7-4383-ACE0-04104D064081}
		{205C77AC-F722-4D00-9488-B8720B9399AA} = {B45913A7-B072-4959-81FB-7076231BC140}
		{CDFD1607-0B54-4A30-93FF-98D1E309B56A} = {B45913A7-B072-4959-81FB-7076231BC140}
		{D580331F-8A12-41DD-8410-3E40264A7CF9} = {B45913A7-B072-4959-81FB-7076231BC140}
	EndGlobalSection
	GlobalSection(ExtensibilityGlobals) = postSolution
		SolutionGuid = {14CE0053-6846-48E2-B6AA-F7524F5F3D24}
	EndGlobalSection
EndGlobal
